
Microsoft Visual Studio Solution File, Format Version 12.00
# Visual Studio 2015
Project("{FAE04EC0-301F-11D3-BF4B-00C04F79EFBC}") = "Battan game.CSharp", "Battan game.CSharp.csproj", "{0DDC42A3-290E-A840-48F8-1949A9AD7A01}"
EndProject
Global
	GlobalSection(SolutionConfigurationPlatforms) = preSolution
		Debug|Any CPU = Debug|Any CPU
		Release|Any CPU = Release|Any CPU
	EndGlobalSection
	GlobalSection(ProjectConfigurationPlatforms) = postSolution
		{0DDC42A3-290E-A840-48F8-1949A9AD7A01}.Debug|Any CPU.ActiveCfg = Debug|Any CPU
		{0DDC42A3-290E-A840-48F8-1949A9AD7A01}.Debug|Any CPU.Build.0 = Debug|Any CPU
		{0DDC42A3-290E-A840-48F8-1949A9AD7A01}.Release|Any CPU.ActiveCfg = Release|Any CPU
		{0DDC42A3-290E-A840-48F8-1949A9AD7A01}.Release|Any CPU.Build.0 = Release|Any CPU
	EndGlobalSection
	GlobalSection(SolutionProperties) = preSolution
		HideSolutionNode = FALSE
	EndGlobalSection
EndGlobal
